
Microsoft Visual Studio Solution File, Format Version 12.00
# Visual Studio Version 16
VisualStudioVersion = 16.0.30001.183
MinimumVisualStudioVersion = 10.0.40219.1
Project("{9A19103F-16F7-4668-BE54-9A1E7A4F7556}") = "Prevent.Common", "Prevent.Common\Prevent.Common.csproj", "{4B5720DA-1157-4BF9-A090-5621D59E46BE}"
EndProject
Project("{9A19103F-16F7-4668-BE54-9A1E7A4F7556}") = "Prevent.Web", "Prevent.Web\Prevent.Web.csproj", "{5E78B46D-F6B6-4619-BC02-1B34BBEE7C74}"
EndProject
Project("{9A19103F-16F7-4668-BE54-9A1E7A4F7556}") = "Prevent.Prism", "Prevent.Prism\Prevent.Prism\Prevent.Prism.csproj", "{61E210E0-E551-4B1A-9373-F0DFD499297A}"
EndProject
Project("{FAE04EC0-301F-11D3-BF4B-00C04F79EFBC}") = "Prevent.Prism.Android", "Prevent.Prism\Prevent.Prism.Android\Prevent.Prism.Android.csproj", "{94A6EBEB-43D9-4078-ACC5-35C7D594A71D}"
EndProject
Project("{FAE04EC0-301F-11D3-BF4B-00C04F79EFBC}") = "Prevent.Prism.iOS", "Prevent.Prism\Prevent.Prism.iOS\Prevent.Prism.iOS.csproj", "{F39AC463-0EEC-44D4-A626-CF38021BC73E}"
EndProject
Project("{FAE04EC0-301F-11D3-BF4B-00C04F79EFBC}") = "Prevent.Cross.Android", "Prevent.Cross.Android\Prevent.Cross.Android.csproj", "{8630BC4B-546D-4BC8-B1AB-8DB8CC4DCC86}"
EndProject
Project("{FAE04EC0-301F-11D3-BF4B-00C04F79EFBC}") = "Prevent.Cross.iOS", "Prevent.Cross.iOS\Prevent.Cross.iOS.csproj", "{9DA95B11-E56C-4DF4-ACED-607EE7BF82B9}"
EndProject
Global
	GlobalSection(SolutionConfigurationPlatforms) = preSolution
		Ad-Hoc|Any CPU = Ad-Hoc|Any CPU
		Ad-Hoc|iPhone = Ad-Hoc|iPhone
		Ad-Hoc|iPhoneSimulator = Ad-Hoc|iPhoneSimulator
		AppStore|Any CPU = AppStore|Any CPU
		AppStore|iPhone = AppStore|iPhone
		AppStore|iPhoneSimulator = AppStore|iPhoneSimulator
		Debug|Any CPU = Debug|Any CPU
		Debug|iPhone = Debug|iPhone
		Debug|iPhoneSimulator = Debug|iPhoneSimulator
		Release|Any CPU = Release|Any CPU
		Release|iPhone = Release|iPhone
		Release|iPhoneSimulator = Release|iPhoneSimulator
	EndGlobalSection
	GlobalSection(ProjectConfigurationPlatforms) = postSolution
		{4B5720DA-1157-4BF9-A090-5621D59E46BE}.Ad-Hoc|Any CPU.ActiveCfg = Debug|Any CPU
		{4B5720DA-1157-4BF9-A090-5621D59E46BE}.Ad-Hoc|Any CPU.Build.0 = Debug|Any CPU
		{4B5720DA-1157-4BF9-A090-5621D59E46BE}.Ad-Hoc|iPhone.ActiveCfg = Debug|Any CPU
		{4B5720DA-1157-4BF9-A090-5621D59E46BE}.Ad-Hoc|iPhone.Build.0 = Debug|Any CPU
		{4B5720DA-1157-4BF9-A090-5621D59E46BE}.Ad-Hoc|iPhoneSimulator.ActiveCfg = Debug|Any CPU
		{4B5720DA-1157-4BF9-A090-5621D59E46BE}.Ad-Hoc|iPhoneSimulator.Build.0 = Debug|Any CPU
		{4B5720DA-1157-4BF9-A090-5621D59E46BE}.AppStore|Any CPU.ActiveCfg = Debug|Any CPU
		{4B5720DA-1157-4BF9-A090-5621D59E46BE}.AppStore|Any CPU.Build.0 = Debug|Any CPU
		{4B5720DA-1157-4BF9-A090-5621D59E46BE}.AppStore|iPhone.ActiveCfg = Debug|Any CPU
		{4B5720DA-1157-4BF9-A090-5621D59E46BE}.AppStore|iPhone.Build.0 = Debug|Any CPU
		{4B5720DA-1157-4BF9-A090-5621D59E46BE}.AppStore|iPhoneSimulator.ActiveCfg = Debug|Any CPU
		{4B5720DA-1157-4BF9-A090-5621D59E46BE}.AppStore|iPhoneSimulator.Build.0 = Debug|Any CPU
		{4B5720DA-1157-4BF9-A090-5621D59E46BE}.Debug|Any CPU.ActiveCfg = Debug|Any CPU
		{4B5720DA-1157-4BF9-A090-5621D59E46BE}.Debug|Any CPU.Build.0 = Debug|Any CPU
		{4B5720DA-1157-4BF9-A090-5621D59E46BE}.Debug|iPhone.ActiveCfg = Debug|Any CPU
		{4B5720DA-1157-4BF9-A090-5621D59E46BE}.Debug|iPhone.Build.0 = Debug|Any CPU
		{4B5720DA-1157-4BF9-A090-5621D59E46BE}.Debug|iPhoneSimulator.ActiveCfg = Debug|Any CPU
		{4B5720DA-1157-4BF9-A090-5621D59E46BE}.Debug|iPhoneSimulator.Build.0 = Debug|Any CPU
		{4B5720DA-1157-4BF9-A090-5621D59E46BE}.Release|Any CPU.ActiveCfg = Release|Any CPU
		{4B5720DA-1157-4BF9-A090-5621D59E46BE}.Release|Any CPU.Build.0 = Release|Any CPU
		{4B5720DA-1157-4BF9-A090-5621D59E46BE}.Release|iPhone.ActiveCfg = Release|Any CPU
		{4B5720DA-1157-4BF9-A090-5621D59E46BE}.Release|iPhone.Build.0 = Release|Any CPU
		{4B5720DA-1157-4BF9-A090-5621D59E46BE}.Release|iPhoneSimulator.ActiveCfg = Release|Any CPU
		{4B5720DA-1157-4BF9-A090-5621D59E46BE}.Release|iPhoneSimulator.Build.0 = Release|Any CPU
		{5E78B46D-F6B6-4619-BC02-1B34BBEE7C74}.Ad-Hoc|Any CPU.ActiveCfg = Debug|Any CPU
		{5E78B46D-F6B6-4619-BC02-1B34BBEE7C74}.Ad-Hoc|Any CPU.Build.0 = Debug|Any CPU
		{5E78B46D-F6B6-4619-BC02-1B34BBEE7C74}.Ad-Hoc|iPhone.ActiveCfg = Debug|Any CPU
		{5E78B46D-F6B6-4619-BC02-1B34BBEE7C74}.Ad-Hoc|iPhone.Build.0 = Debug|Any CPU
		{5E78B46D-F6B6-4619-BC02-1B34BBEE7C74}.Ad-Hoc|iPhoneSimulator.ActiveCfg = Debug|Any CPU
		{5E78B46D-F6B6-4619-BC02-1B34BBEE7C74}.Ad-Hoc|iPhoneSimulator.Build.0 = Debug|Any CPU
		{5E78B46D-F6B6-4619-BC02-1B34BBEE7C74}.AppStore|Any CPU.ActiveCfg = Debug|Any CPU
		{5E78B46D-F6B6-4619-BC02-1B34BBEE7C74}.AppStore|Any CPU.Build.0 = Debug|Any CPU
		{5E78B46D-F6B6-4619-BC02-1B34BBEE7C74}.AppStore|iPhone.ActiveCfg = Debug|Any CPU
		{5E78B46D-F6B6-4619-BC02-1B34BBEE7C74}.AppStore|iPhone.Build.0 = Debug|Any CPU
		{5E78B46D-F6B6-4619-BC02-1B34BBEE7C74}.AppStore|iPhoneSimulator.ActiveCfg = Debug|Any CPU
		{5E78B46D-F6B6-4619-BC02-1B34BBEE7C74}.AppStore|iPhoneSimulator.Build.0 = Debug|Any CPU
		{5E78B46D-F6B6-4619-BC02-1B34BBEE7C74}.Debug|Any CPU.ActiveCfg = Debug|Any CPU
		{5E78B46D-F6B6-4619-BC02-1B34BBEE7C74}.Debug|Any CPU.Build.0 = Debug|Any CPU
		{5E78B46D-F6B6-4619-BC02-1B34BBEE7C74}.Debug|iPhone.ActiveCfg = Debug|Any CPU
		{5E78B46D-F6B6-4619-BC02-1B34BBEE7C74}.Debug|iPhone.Build.0 = Debug|Any CPU
		{5E78B46D-F6B6-4619-BC02-1B34BBEE7C74}.Debug|iPhoneSimulator.ActiveCfg = Debug|Any CPU
		{5E78B46D-F6B6-4619-BC02-1B34BBEE7C74}.Debug|iPhoneSimulator.Build.0 = Debug|Any CPU
		{5E78B46D-F6B6-4619-BC02-1B34BBEE7C74}.Release|Any CPU.ActiveCfg = Release|Any CPU
		{5E78B46D-F6B6-4619-BC02-1B34BBEE7C74}.Release|Any CPU.Build.0 = Release|Any CPU
		{5E78B46D-F6B6-4619-BC02-1B34BBEE7C74}.Release|iPhone.ActiveCfg = Release|Any CPU
		{5E78B46D-F6B6-4619-BC02-1B34BBEE7C74}.Release|iPhone.Build.0 = Release|Any CPU
		{5E78B46D-F6B6-4619-BC02-1B34BBEE7C74}.Release|iPhoneSimulator.ActiveCfg = Release|Any CPU
		{5E78B46D-F6B6-4619-BC02-1B34BBEE7C74}.Release|iPhoneSimulator.Build.0 = Release|Any CPU
		{61E210E0-E551-4B1A-9373-F0DFD499297A}.Ad-Hoc|Any CPU.ActiveCfg = Debug|Any CPU
		{61E210E0-E551-4B1A-9373-F0DFD499297A}.Ad-Hoc|Any CPU.Build.0 = Debug|Any CPU
		{61E210E0-E551-4B1A-9373-F0DFD499297A}.Ad-Hoc|iPhone.ActiveCfg = Debug|Any CPU
		{61E210E0-E551-4B1A-9373-F0DFD499297A}.Ad-Hoc|iPhone.Build.0 = Debug|Any CPU
		{61E210E0-E551-4B1A-9373-F0DFD499297A}.Ad-Hoc|iPhoneSimulator.ActiveCfg = Debug|Any CPU
		{61E210E0-E551-4B1A-9373-F0DFD499297A}.Ad-Hoc|iPhoneSimulator.Build.0 = Debug|Any CPU
		{61E210E0-E551-4B1A-9373-F0DFD499297A}.AppStore|Any CPU.ActiveCfg = Debug|Any CPU
		{61E210E0-E551-4B1A-9373-F0DFD499297A}.AppStore|Any CPU.Build.0 = Debug|Any CPU
		{61E210E0-E551-4B1A-9373-F0DFD499297A}.AppStore|iPhone.ActiveCfg = Debug|Any CPU
		{61E210E0-E551-4B1A-9373-F0DFD499297A}.AppStore|iPhone.Build.0 = Debug|Any CPU
		{61E210E0-E551-4B1A-9373-F0DFD499297A}.AppStore|iPhoneSimulator.ActiveCfg = Debug|Any CPU
		{61E210E0-E551-4B1A-9373-F0DFD499297A}.AppStore|iPhoneSimulator.Build.0 = Debug|Any CPU
		{61E210E0-E551-4B1A-9373-F0DFD499297A}.Debug|Any CPU.ActiveCfg = Debug|Any CPU
		{61E210E0-E551-4B1A-9373-F0DFD499297A}.Debug|Any CPU.Build.0 = Debug|Any CPU
		{61E210E0-E551-4B1A-9373-F0DFD499297A}.Debug|iPhone.ActiveCfg = Debug|Any CPU
		{61E210E0-E551-4B1A-9373-F0DFD499297A}.Debug|iPhone.Build.0 = Debug|Any CPU
		{61E210E0-E551-4B1A-9373-F0DFD499297A}.Debug|iPhoneSimulator.ActiveCfg = Debug|Any CPU
		{61E210E0-E551-4B1A-9373-F0DFD499297A}.Debug|iPhoneSimulator.Build.0 = Debug|Any CPU
		{61E210E0-E551-4B1A-9373-F0DFD499297A}.Release|Any CPU.ActiveCfg = Release|Any CPU
		{61E210E0-E551-4B1A-9373-F0DFD499297A}.Release|Any CPU.Build.0 = Release|Any CPU
		{61E210E0-E551-4B1A-9373-F0DFD499297A}.Release|iPhone.ActiveCfg = Release|Any CPU
		{61E210E0-E551-4B1A-9373-F0DFD499297A}.Release|iPhone.Build.0 = Release|Any CPU
		{61E210E0-E551-4B1A-9373-F0DFD499297A}.Release|iPhoneSimulator.ActiveCfg = Release|Any CPU
		{61E210E0-E551-4B1A-9373-F0DFD499297A}.Release|iPhoneSimulator.Build.0 = Release|Any CPU
		{94A6EBEB-43D9-4078-ACC5-35C7D594A71D}.Ad-Hoc|Any CPU.ActiveCfg = Release|Any CPU
		{94A6EBEB-43D9-4078-ACC5-35C7D594A71D}.Ad-Hoc|Any CPU.Build.0 = Release|Any CPU
		{94A6EBEB-43D9-4078-ACC5-35C7D594A71D}.Ad-Hoc|Any CPU.Deploy.0 = Release|Any CPU
		{94A6EBEB-43D9-4078-ACC5-35C7D594A71D}.Ad-Hoc|iPhone.ActiveCfg = Release|Any CPU
		{94A6EBEB-43D9-4078-ACC5-35C7D594A71D}.Ad-Hoc|iPhone.Build.0 = Release|Any CPU
		{94A6EBEB-43D9-4078-ACC5-35C7D594A71D}.Ad-Hoc|iPhone.Deploy.0 = Release|Any CPU
		{94A6EBEB-43D9-4078-ACC5-35C7D594A71D}.Ad-Hoc|iPhoneSimulator.ActiveCfg = Release|Any CPU
		{94A6EBEB-43D9-4078-ACC5-35C7D594A71D}.Ad-Hoc|iPhoneSimulator.Build.0 = Release|Any CPU
		{94A6EBEB-43D9-4078-ACC5-35C7D594A71D}.Ad-Hoc|iPhoneSimulator.Deploy.0 = Release|Any CPU
		{94A6EBEB-43D9-4078-ACC5-35C7D594A71D}.AppStore|Any CPU.ActiveCfg = Release|Any CPU
		{94A6EBEB-43D9-4078-ACC5-35C7D594A71D}.AppStore|Any CPU.Build.0 = Release|Any CPU
		{94A6EBEB-43D9-4078-ACC5-35C7D594A71D}.AppStore|Any CPU.Deploy.0 = Release|Any CPU
		{94A6EBEB-43D9-4078-ACC5-35C7D594A71D}.AppStore|iPhone.ActiveCfg = Release|Any CPU
		{94A6EBEB-43D9-4078-ACC5-35C7D594A71D}.AppStore|iPhone.Build.0 = Release|Any CPU
		{94A6EBEB-43D9-4078-ACC5-35C7D594A71D}.AppStore|iPhone.Deploy.0 = Release|Any CPU
		{94A6EBEB-43D9-4078-ACC5-35C7D594A71D}.AppStore|iPhoneSimulator.ActiveCfg = Release|Any CPU
		{94A6EBEB-43D9-4078-ACC5-35C7D594A71D}.AppStore|iPhoneSimulator.Build.0 = Release|Any CPU
		{94A6EBEB-43D9-4078-ACC5-35C7D594A71D}.AppStore|iPhoneSimulator.Deploy.0 = Release|Any CPU
		{94A6EBEB-43D9-4078-ACC5-35C7D594A71D}.Debug|Any CPU.ActiveCfg = Debug|Any CPU
		{94A6EBEB-43D9-4078-ACC5-35C7D594A71D}.Debug|Any CPU.Build.0 = Debug|Any CPU
		{94A6EBEB-43D9-4078-ACC5-35C7D594A71D}.Debug|Any CPU.Deploy.0 = Debug|Any CPU
		{94A6EBEB-43D9-4078-ACC5-35C7D594A71D}.Debug|iPhone.ActiveCfg = Debug|Any CPU
		{94A6EBEB-43D9-4078-ACC5-35C7D594A71D}.Debug|iPhone.Build.0 = Debug|Any CPU
		{94A6EBEB-43D9-4078-ACC5-35C7D594A71D}.Debug|iPhone.Deploy.0 = Debug|Any CPU
		{94A6EBEB-43D9-4078-ACC5-35C7D594A71D}.Debug|iPhoneSimulator.ActiveCfg = Debug|Any CPU
		{94A6EBEB-43D9-4078-ACC5-35C7D594A71D}.Debug|iPhoneSimulator.Build.0 = Debug|Any CPU
		{94A6EBEB-43D9-4078-ACC5-35C7D594A71D}.Debug|iPhoneSimulator.Deploy.0 = Debug|Any CPU
		{94A6EBEB-43D9-4078-ACC5-35C7D594A71D}.Release|Any CPU.ActiveCfg = Release|Any CPU
		{94A6EBEB-43D9-4078-ACC5-35C7D594A71D}.Release|Any CPU.Build.0 = Release|Any CPU
		{94A6EBEB-43D9-4078-ACC5-35C7D594A71D}.Release|Any CPU.Deploy.0 = Release|Any CPU
		{94A6EBEB-43D9-4078-ACC5-35C7D594A71D}.Release|iPhone.ActiveCfg = Release|Any CPU
		{94A6EBEB-43D9-4078-ACC5-35C7D594A71D}.Release|iPhone.Build.0 = Release|Any CPU
		{94A6EBEB-43D9-4078-ACC5-35C7D594A71D}.Release|iPhone.Deploy.0 = Release|Any CPU
		{94A6EBEB-43D9-4078-ACC5-35C7D594A71D}.Release|iPhoneSimulator.ActiveCfg = Release|Any CPU
		{94A6EBEB-43D9-4078-ACC5-35C7D594A71D}.Release|iPhoneSimulator.Build.0 = Release|Any CPU
		{94A6EBEB-43D9-4078-ACC5-35C7D594A71D}.Release|iPhoneSimulator.Deploy.0 = Release|Any CPU
		{F39AC463-0EEC-44D4-A626-CF38021BC73E}.Ad-Hoc|Any CPU.ActiveCfg = Ad-Hoc|iPhone
		{F39AC463-0EEC-44D4-A626-CF38021BC73E}.Ad-Hoc|iPhone.ActiveCfg = Ad-Hoc|iPhone
		{F39AC463-0EEC-44D4-A626-CF38021BC73E}.Ad-Hoc|iPhone.Build.0 = Ad-Hoc|iPhone
		{F39AC463-0EEC-44D4-A626-CF38021BC73E}.Ad-Hoc|iPhoneSimulator.ActiveCfg = Ad-Hoc|iPhoneSimulator
		{F39AC463-0EEC-44D4-A626-CF38021BC73E}.Ad-Hoc|iPhoneSimulator.Build.0 = Ad-Hoc|iPhoneSimulator
		{F39AC463-0EEC-44D4-A626-CF38021BC73E}.AppStore|Any CPU.ActiveCfg = AppStore|iPhone
		{F39AC463-0EEC-44D4-A626-CF38021BC73E}.AppStore|iPhone.ActiveCfg = AppStore|iPhone
		{F39AC463-0EEC-44D4-A626-CF38021BC73E}.AppStore|iPhone.Build.0 = AppStore|iPhone
		{F39AC463-0EEC-44D4-A626-CF38021BC73E}.AppStore|iPhoneSimulator.ActiveCfg = AppStore|iPhoneSimulator
		{F39AC463-0EEC-44D4-A626-CF38021BC73E}.AppStore|iPhoneSimulator.Build.0 = AppStore|iPhoneSimulator
		{F39AC463-0EEC-44D4-A626-CF38021BC73E}.Debug|Any CPU.ActiveCfg = Debug|iPhone
		{F39AC463-0EEC-44D4-A626-CF38021BC73E}.Debug|iPhone.ActiveCfg = Debug|iPhone
		{F39AC463-0EEC-44D4-A626-CF38021BC73E}.Debug|iPhone.Build.0 = Debug|iPhone
		{F39AC463-0EEC-44D4-A626-CF38021BC73E}.Debug|iPhoneSimulator.ActiveCfg = Debug|iPhoneSimulator
		{F39AC463-0EEC-44D4-A626-CF38021BC73E}.Debug|iPhoneSimulator.Build.0 = Debug|iPhoneSimulator
		{F39AC463-0EEC-44D4-A626-CF38021BC73E}.Release|Any CPU.ActiveCfg = Release|iPhone
		{F39AC463-0EEC-44D4-A626-CF38021BC73E}.Release|iPhone.ActiveCfg = Release|iPhone
		{F39AC463-0EEC-44D4-A626-CF38021BC73E}.Release|iPhone.Build.0 = Release|iPhone
		{F39AC463-0EEC-44D4-A626-CF38021BC73E}.Release|iPhoneSimulator.ActiveCfg = Release|iPhoneSimulator
		{F39AC463-0EEC-44D4-A626-CF38021BC73E}.Release|iPhoneSimulator.Build.0 = Release|iPhoneSimulator
		{8630BC4B-546D-4BC8-B1AB-8DB8CC4DCC86}.Ad-Hoc|Any CPU.ActiveCfg = Release|Any CPU
		{8630BC4B-546D-4BC8-B1AB-8DB8CC4DCC86}.Ad-Hoc|Any CPU.Build.0 = Release|Any CPU
		{8630BC4B-546D-4BC8-B1AB-8DB8CC4DCC86}.Ad-Hoc|Any CPU.Deploy.0 = Release|Any CPU
		{8630BC4B-546D-4BC8-B1AB-8DB8CC4DCC86}.Ad-Hoc|iPhone.ActiveCfg = Release|Any CPU
		{8630BC4B-546D-4BC8-B1AB-8DB8CC4DCC86}.Ad-Hoc|iPhone.Build.0 = Release|Any CPU
		{8630BC4B-546D-4BC8-B1AB-8DB8CC4DCC86}.Ad-Hoc|iPhone.Deploy.0 = Release|Any CPU
		{8630BC4B-546D-4BC8-B1AB-8DB8CC4DCC86}.Ad-Hoc|iPhoneSimulator.ActiveCfg = Release|Any CPU
		{8630BC4B-546D-4BC8-B1AB-8DB8CC4DCC86}.Ad-Hoc|iPhoneSimulator.Build.0 = Release|Any CPU
		{8630BC4B-546D-4BC8-B1AB-8DB8CC4DCC86}.Ad-Hoc|iPhoneSimulator.Deploy.0 = Release|Any CPU
		{8630BC4B-546D-4BC8-B1AB-8DB8CC4DCC86}.AppStore|Any CPU.ActiveCfg = Release|Any CPU
		{8630BC4B-546D-4BC8-B1AB-8DB8CC4DCC86}.AppStore|Any CPU.Build.0 = Release|Any CPU
		{8630BC4B-546D-4BC8-B1AB-8DB8CC4DCC86}.AppStore|Any CPU.Deploy.0 = Release|Any CPU
		{8630BC4B-546D-4BC8-B1AB-8DB8CC4DCC86}.AppStore|iPhone.ActiveCfg = Release|Any CPU
		{8630BC4B-546D-4BC8-B1AB-8DB8CC4DCC86}.AppStore|iPhone.Build.0 = Release|Any CPU
		{8630BC4B-546D-4BC8-B1AB-8DB8CC4DCC86}.AppStore|iPhone.Deploy.0 = Release|Any CPU
		{8630BC4B-546D-4BC8-B1AB-8DB8CC4DCC86}.AppStore|iPhoneSimulator.ActiveCfg = Release|Any CPU
		{8630BC4B-546D-4BC8-B1AB-8DB8CC4DCC86}.AppStore|iPhoneSimulator.Build.0 = Release|Any CPU
		{8630BC4B-546D-4BC8-B1AB-8DB8CC4DCC86}.AppStore|iPhoneSimulator.Deploy.0 = Release|Any CPU
		{8630BC4B-546D-4BC8-B1AB-8DB8CC4DCC86}.Debug|Any CPU.ActiveCfg = Debug|Any CPU
		{8630BC4B-546D-4BC8-B1AB-8DB8CC4DCC86}.Debug|Any CPU.Build.0 = Debug|Any CPU
		{8630BC4B-546D-4BC8-B1AB-8DB8CC4DCC86}.Debug|Any CPU.Deploy.0 = Debug|Any CPU
		{8630BC4B-546D-4BC8-B1AB-8DB8CC4DCC86}.Debug|iPhone.ActiveCfg = Debug|Any CPU
		{8630BC4B-546D-4BC8-B1AB-8DB8CC4DCC86}.Debug|iPhone.Build.0 = Debug|Any CPU
		{8630BC4B-546D-4BC8-B1AB-8DB8CC4DCC86}.Debug|iPhone.Deploy.0 = Debug|Any CPU
		{8630BC4B-546D-4BC8-B1AB-8DB8CC4DCC86}.Debug|iPhoneSimulator.ActiveCfg = Debug|Any CPU
		{8630BC4B-546D-4BC8-B1AB-8DB8CC4DCC86}.Debug|iPhoneSimulator.Build.0 = Debug|Any CPU
		{8630BC4B-546D-4BC8-B1AB-8DB8CC4DCC86}.Debug|iPhoneSimulator.Deploy.0 = Debug|Any CPU
		{8630BC4B-546D-4BC8-B1AB-8DB8CC4DCC86}.Release|Any CPU.ActiveCfg = Release|Any CPU
		{8630BC4B-546D-4BC8-B1AB-8DB8CC4DCC86}.Release|Any CPU.Build.0 = Release|Any CPU
		{8630BC4B-546D-4BC8-B1AB-8DB8CC4DCC86}.Release|Any CPU.Deploy.0 = Release|Any CPU
		{8630BC4B-546D-4BC8-B1AB-8DB8CC4DCC86}.Release|iPhone.ActiveCfg = Release|Any CPU
		{8630BC4B-546D-4BC8-B1AB-8DB8CC4DCC86}.Release|iPhone.Build.0 = Release|Any CPU
		{8630BC4B-546D-4BC8-B1AB-8DB8CC4DCC86}.Release|iPhone.Deploy.0 = Release|Any CPU
		{8630BC4B-546D-4BC8-B1AB-8DB8CC4DCC86}.Release|iPhoneSimulator.ActiveCfg = Release|Any CPU
		{8630BC4B-546D-4BC8-B1AB-8DB8CC4DCC86}.Release|iPhoneSimulator.Build.0 = Release|Any CPU
		{8630BC4B-546D-4BC8-B1AB-8DB8CC4DCC86}.Release|iPhoneSimulator.Deploy.0 = Release|Any CPU
		{9DA95B11-E56C-4DF4-ACED-607EE7BF82B9}.Ad-Hoc|Any CPU.ActiveCfg = Release|iPhone
		{9DA95B11-E56C-4DF4-ACED-607EE7BF82B9}.Ad-Hoc|Any CPU.Build.0 = Release|iPhone
		{9DA95B11-E56C-4DF4-ACED-607EE7BF82B9}.Ad-Hoc|iPhone.ActiveCfg = Release|iPhone
		{9DA95B11-E56C-4DF4-ACED-607EE7BF82B9}.Ad-Hoc|iPhone.Build.0 = Release|iPhone
		{9DA95B11-E56C-4DF4-ACED-607EE7BF82B9}.Ad-Hoc|iPhoneSimulator.ActiveCfg = Release|iPhoneSimulator
		{9DA95B11-E56C-4DF4-ACED-607EE7BF82B9}.Ad-Hoc|iPhoneSimulator.Build.0 = Release|iPhoneSimulator
		{9DA95B11-E56C-4DF4-ACED-607EE7BF82B9}.AppStore|Any CPU.ActiveCfg = Release|iPhone
		{9DA95B11-E56C-4DF4-ACED-607EE7BF82B9}.AppStore|Any CPU.Build.0 = Release|iPhone
		{9DA95B11-E56C-4DF4-ACED-607EE7BF82B9}.AppStore|iPhone.ActiveCfg = Release|iPhone
		{9DA95B11-E56C-4DF4-ACED-607EE7BF82B9}.AppStore|iPhone.Build.0 = Release|iPhone
		{9DA95B11-E56C-4DF4-ACED-607EE7BF82B9}.AppStore|iPhoneSimulator.ActiveCfg = Release|iPhoneSimulator
		{9DA95B11-E56C-4DF4-ACED-607EE7BF82B9}.AppStore|iPhoneSimulator.Build.0 = Release|iPhoneSimulator
		{9DA95B11-E56C-4DF4-ACED-607EE7BF82B9}.Debug|Any CPU.ActiveCfg = Debug|iPhone
		{9DA95B11-E56C-4DF4-ACED-607EE7BF82B9}.Debug|iPhone.ActiveCfg = Debug|iPhone
		{9DA95B11-E56C-4DF4-ACED-607EE7BF82B9}.Debug|iPhone.Build.0 = Debug|iPhone
		{9DA95B11-E56C-4DF4-ACED-607EE7BF82B9}.Debug|iPhoneSimulator.ActiveCfg = Debug|iPhoneSimulator
		{9DA95B11-E56C-4DF4-ACED-607EE7BF82B9}.Debug|iPhoneSimulator.Build.0 = Debug|iPhoneSimulator
		{9DA95B11-E56C-4DF4-ACED-607EE7BF82B9}.Release|Any CPU.ActiveCfg = Release|iPhone
		{9DA95B11-E56C-4DF4-ACED-607EE7BF82B9}.Release|iPhone.ActiveCfg = Release|iPhone
		{9DA95B11-E56C-4DF4-ACED-607EE7BF82B9}.Release|iPhone.Build.0 = Release|iPhone
		{9DA95B11-E56C-4DF4-ACED-607EE7BF82B9}.Release|iPhoneSimulator.ActiveCfg = Release|iPhoneSimulator
		{9DA95B11-E56C-4DF4-ACED-607EE7BF82B9}.Release|iPhoneSimulator.Build.0 = Release|iPhoneSimulator
	EndGlobalSection
	GlobalSection(SolutionProperties) = preSolution
		HideSolutionNode = FALSE
	EndGlobalSection
	GlobalSection(ExtensibilityGlobals) = postSolution
		SolutionGuid = {3DE0ECA5-7D88-4FA6-ADC9-F6EED97239BD}
	EndGlobalSection
EndGlobal
